
Microsoft Visual Studio Solution File, Format Version 12.00
# Visual Studio 15
VisualStudioVersion = 15.0.28010.2046
MinimumVisualStudioVersion = 10.0.40219.1
Project("{FAE04EC0-301F-11D3-BF4B-00C04F79EFBC}") = "ZefirShop.Web", "ZefirShop.Web\ZefirShop.Web.csproj", "{C9286AF9-B611-4D0B-B51E-4B326CFB8F92}"
EndProject
Project("{FAE04EC0-301F-11D3-BF4B-00C04F79EFBC}") = "ZefirShop.ProductsService", "ZefirShop.ProductsService\ZefirShop.ProductsService.csproj", "{2A43A903-D58A-4170-B08F-21C0EFB0763F}"
EndProject
Project("{FAE04EC0-301F-11D3-BF4B-00C04F79EFBC}") = "ZefirShop.ProductsService.DAL", "ZefirShop.ProductsService.DAL\ZefirShop.ProductsService.DAL.csproj", "{3BF2055A-7CEE-455D-826F-D4B24F0B2466}"
EndProject
Global
	GlobalSection(SolutionConfigurationPlatforms) = preSolution
		Debug|Any CPU = Debug|Any CPU
		Release|Any CPU = Release|Any CPU
	EndGlobalSection
	GlobalSection(ProjectConfigurationPlatforms) = postSolution
		{C9286AF9-B611-4D0B-B51E-4B326CFB8F92}.Debug|Any CPU.ActiveCfg = Debug|Any CPU
		{C9286AF9-B611-4D0B-B51E-4B326CFB8F92}.Debug|Any CPU.Build.0 = Debug|Any CPU
		{C9286AF9-B611-4D0B-B51E-4B326CFB8F92}.Release|Any CPU.ActiveCfg = Release|Any CPU
		{C9286AF9-B611-4D0B-B51E-4B326CFB8F92}.Release|Any CPU.Build.0 = Release|Any CPU
		{2A43A903-D58A-4170-B08F-21C0EFB0763F}.Debug|Any CPU.ActiveCfg = Debug|Any CPU
		{2A43A903-D58A-4170-B08F-21C0EFB0763F}.Debug|Any CPU.Build.0 = Debug|Any CPU
		{2A43A903-D58A-4170-B08F-21C0EFB0763F}.Release|Any CPU.ActiveCfg = Release|Any CPU
		{2A43A903-D58A-4170-B08F-21C0EFB0763F}.Release|Any CPU.Build.0 = Release|Any CPU
		{3BF2055A-7CEE-455D-826F-D4B24F0B2466}.Debug|Any CPU.ActiveCfg = Debug|Any CPU
		{3BF2055A-7CEE-455D-826F-D4B24F0B2466}.Debug|Any CPU.Build.0 = Debug|Any CPU
		{3BF2055A-7CEE-455D-826F-D4B24F0B2466}.Release|Any CPU.ActiveCfg = Release|Any CPU
		{3BF2055A-7CEE-455D-826F-D4B24F0B2466}.Release|Any CPU.Build.0 = Release|Any CPU
	EndGlobalSection
	GlobalSection(SolutionProperties) = preSolution
		HideSolutionNode = FALSE
	EndGlobalSection
	GlobalSection(ExtensibilityGlobals) = postSolution
		SolutionGuid = {CB11AC8A-C55D-493F-9801-E7B231DA6AA1}
	EndGlobalSection
EndGlobal
